// !$*UTF8*$!
{
	archiveVersion = 1;
	classes = {
	};
	objectVersion = 56;
	objects = {

/* Begin PBXBuildFile section */
		AD02F30D2BF2330400182BB0 /* Fail.swift in Sources */ = {isa = PBXBuildFile; fileRef = AD02F30C2BF2330400182BB0 /* Fail.swift */; };
		AD05D6AA2B342336005467A1 /* LessonTwo.swift in Sources */ = {isa = PBXBuildFile; fileRef = AD05D6A92B342336005467A1 /* LessonTwo.swift */; };
		AD0633C62B32BB4A0025CADE /* CombineLessonsApp.swift in Sources */ = {isa = PBXBuildFile; fileRef = AD0633C52B32BB4A0025CADE /* CombineLessonsApp.swift */; };
		AD0633C82B32BB4A0025CADE /* ContentView.swift in Sources */ = {isa = PBXBuildFile; fileRef = AD0633C72B32BB4A0025CADE /* ContentView.swift */; };
		AD0633CA2B32BB4B0025CADE /* Assets.xcassets in Resources */ = {isa = PBXBuildFile; fileRef = AD0633C92B32BB4B0025CADE /* Assets.xcassets */; };
		AD0633CD2B32BB4B0025CADE /* Preview Assets.xcassets in Resources */ = {isa = PBXBuildFile; fileRef = AD0633CC2B32BB4B0025CADE /* Preview Assets.xcassets */; };
		AD08C9CC2BFB7BD900842AEC /* Just.swift in Sources */ = {isa = PBXBuildFile; fileRef = AD08C9CB2BFB7BD900842AEC /* Just.swift */; };
		AD0BEF462B3D593A0035AFBC /* LessonFive.swift in Sources */ = {isa = PBXBuildFile; fileRef = AD0BEF452B3D593A0035AFBC /* LessonFive.swift */; };
		AD0F6B962BF46FC300877899 /* Future.swift in Sources */ = {isa = PBXBuildFile; fileRef = AD0F6B952BF46FC300877899 /* Future.swift */; };
		AD16949A2BE94478001DB2B5 /* Empty.swift in Sources */ = {isa = PBXBuildFile; fileRef = AD1694992BE94478001DB2B5 /* Empty.swift */; };
		AD181F662BD6BF6C00400BB7 /* Cancelling Multipline Pipelines.swift in Sources */ = {isa = PBXBuildFile; fileRef = AD181F652BD6BF6C00400BB7 /* Cancelling Multipline Pipelines.swift */; };
		AD3090E92B4D274D0053641F /* LessonSeven.swift in Sources */ = {isa = PBXBuildFile; fileRef = AD3090E82B4D274D0053641F /* LessonSeven.swift */; };
		AD32A78C2B6AC36200B19496 /* Two Sum.swift in Sources */ = {isa = PBXBuildFile; fileRef = AD32A78B2B6AC36200B19496 /* Two Sum.swift */; };
		AD508DC22BE7CCDC0055040E /* SearchTest.swift in Sources */ = {isa = PBXBuildFile; fileRef = AD508DC12BE7CCDC0055040E /* SearchTest.swift */; };
		AD8245BA2B32BCA1002C42E9 /* LessonOne.swift in Sources */ = {isa = PBXBuildFile; fileRef = AD8245B92B32BCA1002C42E9 /* LessonOne.swift */; };
		AD8A04C62B4BCDF200BF1964 /* LessonSix.swift in Sources */ = {isa = PBXBuildFile; fileRef = AD8A04C52B4BCDF200BF1964 /* LessonSix.swift */; };
		AD91DB632B99DBEC00FF5F75 /* Facade.swift in Sources */ = {isa = PBXBuildFile; fileRef = AD91DB622B99DBEC00FF5F75 /* Facade.swift */; };
		AD9A1B102B4E719100A1BDD3 /* LessonEight.swift in Sources */ = {isa = PBXBuildFile; fileRef = AD9A1B0F2B4E719100A1BDD3 /* LessonEight.swift */; };
		ADA2B5742BCEF38900011F37 /* Cancellable Pipeline.swift in Sources */ = {isa = PBXBuildFile; fileRef = ADA2B5732BCEF38900011F37 /* Cancellable Pipeline.swift */; };
		ADAA53DD2B5FB8BD00A16E8B /* AppleView.swift in Sources */ = {isa = PBXBuildFile; fileRef = ADAA53DC2B5FB8BD00A16E8B /* AppleView.swift */; };
		ADAA53DF2B5FB9D000A16E8B /* Coordinator.swift in Sources */ = {isa = PBXBuildFile; fileRef = ADAA53DE2B5FB9D000A16E8B /* Coordinator.swift */; };
		ADAA53E12B5FBCEC00A16E8B /* BananView.swift in Sources */ = {isa = PBXBuildFile; fileRef = ADAA53E02B5FBCEC00A16E8B /* BananView.swift */; };
		ADAA53E32B5FBCFB00A16E8B /* CarrotView.swift in Sources */ = {isa = PBXBuildFile; fileRef = ADAA53E22B5FBCFB00A16E8B /* CarrotView.swift */; };
		ADAA53E52B5FBD5000A16E8B /* LemonView.swift in Sources */ = {isa = PBXBuildFile; fileRef = ADAA53E42B5FBD5000A16E8B /* LemonView.swift */; };
		ADAA53E72B5FBDE400A16E8B /* OliveView.swift in Sources */ = {isa = PBXBuildFile; fileRef = ADAA53E62B5FBDE400A16E8B /* OliveView.swift */; };
		ADAA53E92B5FBE2E00A16E8B /* CoordinatorView.swift in Sources */ = {isa = PBXBuildFile; fileRef = ADAA53E82B5FBE2E00A16E8B /* CoordinatorView.swift */; };
		ADB20AD12BCD9EF700C6E77E /* Published.swift in Sources */ = {isa = PBXBuildFile; fileRef = ADB20AD02BCD9EF700C6E77E /* Published.swift */; };
		ADBE3F292BE7196300F8E385 /* @Published.swift in Sources */ = {isa = PBXBuildFile; fileRef = ADBE3F282BE7196300F8E385 /* @Published.swift */; };
		ADBE3F2B2BE721B500F8E385 /* CurrentValueSubject.swift in Sources */ = {isa = PBXBuildFile; fileRef = ADBE3F2A2BE721B500F8E385 /* CurrentValueSubject.swift */; };
		ADD6565E2BA1F966001D0689 /* Factory.swift in Sources */ = {isa = PBXBuildFile; fileRef = ADD6565D2BA1F966001D0689 /* Factory.swift */; };
		ADFB04962B3C19CE00189D3A /* LessonFour.swift in Sources */ = {isa = PBXBuildFile; fileRef = ADFB04952B3C19CE00189D3A /* LessonFour.swift */; };
		ADFC71DE2B3958F2001ED584 /* LessonThree.swift in Sources */ = {isa = PBXBuildFile; fileRef = ADFC71DD2B3958F2001ED584 /* LessonThree.swift */; };
/* End PBXBuildFile section */

/* Begin PBXFileReference section */
		AD02F30C2BF2330400182BB0 /* Fail.swift */ = {isa = PBXFileReference; lastKnownFileType = sourcecode.swift; path = Fail.swift; sourceTree = "<group>"; };
		AD05D6A92B342336005467A1 /* LessonTwo.swift */ = {isa = PBXFileReference; lastKnownFileType = sourcecode.swift; path = LessonTwo.swift; sourceTree = "<group>"; };
		AD0633C22B32BB4A0025CADE /* CombineLessons.app */ = {isa = PBXFileReference; explicitFileType = wrapper.application; includeInIndex = 0; path = CombineLessons.app; sourceTree = BUILT_PRODUCTS_DIR; };
		AD0633C52B32BB4A0025CADE /* CombineLessonsApp.swift */ = {isa = PBXFileReference; lastKnownFileType = sourcecode.swift; path = CombineLessonsApp.swift; sourceTree = "<group>"; };
		AD0633C72B32BB4A0025CADE /* ContentView.swift */ = {isa = PBXFileReference; lastKnownFileType = sourcecode.swift; path = ContentView.swift; sourceTree = "<group>"; };
		AD0633C92B32BB4B0025CADE /* Assets.xcassets */ = {isa = PBXFileReference; lastKnownFileType = folder.assetcatalog; path = Assets.xcassets; sourceTree = "<group>"; };
		AD0633CC2B32BB4B0025CADE /* Preview Assets.xcassets */ = {isa = PBXFileReference; lastKnownFileType = folder.assetcatalog; path = "Preview Assets.xcassets"; sourceTree = "<group>"; };
		AD08C9CB2BFB7BD900842AEC /* Just.swift */ = {isa = PBXFileReference; lastKnownFileType = sourcecode.swift; path = Just.swift; sourceTree = "<group>"; };
		AD0BEF452B3D593A0035AFBC /* LessonFive.swift */ = {isa = PBXFileReference; lastKnownFileType = sourcecode.swift; path = LessonFive.swift; sourceTree = "<group>"; };
		AD0F6B952BF46FC300877899 /* Future.swift */ = {isa = PBXFileReference; lastKnownFileType = sourcecode.swift; path = Future.swift; sourceTree = "<group>"; };
		AD1694992BE94478001DB2B5 /* Empty.swift */ = {isa = PBXFileReference; lastKnownFileType = sourcecode.swift; path = Empty.swift; sourceTree = "<group>"; };
		AD181F652BD6BF6C00400BB7 /* Cancelling Multipline Pipelines.swift */ = {isa = PBXFileReference; lastKnownFileType = sourcecode.swift; path = "Cancelling Multipline Pipelines.swift"; sourceTree = "<group>"; };
		AD3090E82B4D274D0053641F /* LessonSeven.swift */ = {isa = PBXFileReference; lastKnownFileType = sourcecode.swift; path = LessonSeven.swift; sourceTree = "<group>"; };
		AD32A78B2B6AC36200B19496 /* Two Sum.swift */ = {isa = PBXFileReference; lastKnownFileType = sourcecode.swift; path = "Two Sum.swift"; sourceTree = "<group>"; };
		AD508DC12BE7CCDC0055040E /* SearchTest.swift */ = {isa = PBXFileReference; lastKnownFileType = sourcecode.swift; path = SearchTest.swift; sourceTree = "<group>"; };
		AD8245B92B32BCA1002C42E9 /* LessonOne.swift */ = {isa = PBXFileReference; lastKnownFileType = sourcecode.swift; path = LessonOne.swift; sourceTree = "<group>"; };
		AD8A04C52B4BCDF200BF1964 /* LessonSix.swift */ = {isa = PBXFileReference; lastKnownFileType = sourcecode.swift; path = LessonSix.swift; sourceTree = "<group>"; };
		AD91DB622B99DBEC00FF5F75 /* Facade.swift */ = {isa = PBXFileReference; lastKnownFileType = sourcecode.swift; path = Facade.swift; sourceTree = "<group>"; };
		AD9A1B0F2B4E719100A1BDD3 /* LessonEight.swift */ = {isa = PBXFileReference; lastKnownFileType = sourcecode.swift; path = LessonEight.swift; sourceTree = "<group>"; };
		ADA2B5732BCEF38900011F37 /* Cancellable Pipeline.swift */ = {isa = PBXFileReference; lastKnownFileType = sourcecode.swift; path = "Cancellable Pipeline.swift"; sourceTree = "<group>"; };
		ADAA53DC2B5FB8BD00A16E8B /* AppleView.swift */ = {isa = PBXFileReference; lastKnownFileType = sourcecode.swift; path = AppleView.swift; sourceTree = "<group>"; };
		ADAA53DE2B5FB9D000A16E8B /* Coordinator.swift */ = {isa = PBXFileReference; lastKnownFileType = sourcecode.swift; path = Coordinator.swift; sourceTree = "<group>"; };
		ADAA53E02B5FBCEC00A16E8B /* BananView.swift */ = {isa = PBXFileReference; lastKnownFileType = sourcecode.swift; path = BananView.swift; sourceTree = "<group>"; };
		ADAA53E22B5FBCFB00A16E8B /* CarrotView.swift */ = {isa = PBXFileReference; lastKnownFileType = sourcecode.swift; path = CarrotView.swift; sourceTree = "<group>"; };
		ADAA53E42B5FBD5000A16E8B /* LemonView.swift */ = {isa = PBXFileReference; lastKnownFileType = sourcecode.swift; path = LemonView.swift; sourceTree = "<group>"; };
		ADAA53E62B5FBDE400A16E8B /* OliveView.swift */ = {isa = PBXFileReference; lastKnownFileType = sourcecode.swift; path = OliveView.swift; sourceTree = "<group>"; };
		ADAA53E82B5FBE2E00A16E8B /* CoordinatorView.swift */ = {isa = PBXFileReference; lastKnownFileType = sourcecode.swift; path = CoordinatorView.swift; sourceTree = "<group>"; };
		ADB20AD02BCD9EF700C6E77E /* Published.swift */ = {isa = PBXFileReference; lastKnownFileType = sourcecode.swift; path = Published.swift; sourceTree = "<group>"; };
		ADBE3F282BE7196300F8E385 /* @Published.swift */ = {isa = PBXFileReference; lastKnownFileType = sourcecode.swift; path = "@Published.swift"; sourceTree = "<group>"; };
		ADBE3F2A2BE721B500F8E385 /* CurrentValueSubject.swift */ = {isa = PBXFileReference; lastKnownFileType = sourcecode.swift; path = CurrentValueSubject.swift; sourceTree = "<group>"; };
		ADD6565D2BA1F966001D0689 /* Factory.swift */ = {isa = PBXFileReference; lastKnownFileType = sourcecode.swift; path = Factory.swift; sourceTree = "<group>"; };
		ADFB04952B3C19CE00189D3A /* LessonFour.swift */ = {isa = PBXFileReference; lastKnownFileType = sourcecode.swift; path = LessonFour.swift; sourceTree = "<group>"; };
		ADFC71DD2B3958F2001ED584 /* LessonThree.swift */ = {isa = PBXFileReference; lastKnownFileType = sourcecode.swift; path = LessonThree.swift; sourceTree = "<group>"; };
/* End PBXFileReference section */

/* Begin PBXFrameworksBuildPhase section */
		AD0633BF2B32BB4A0025CADE /* Frameworks */ = {
			isa = PBXFrameworksBuildPhase;
			buildActionMask = 2147483647;
			files = (
			);
			runOnlyForDeploymentPostprocessing = 0;
		};
/* End PBXFrameworksBuildPhase section */

/* Begin PBXGroup section */
		AD0633B92B32BB4A0025CADE = {
			isa = PBXGroup;
			children = (
				AD0633C42B32BB4A0025CADE /* CombineLessons */,
				AD0633C32B32BB4A0025CADE /* Products */,
			);
			sourceTree = "<group>";
		};
		AD0633C32B32BB4A0025CADE /* Products */ = {
			isa = PBXGroup;
			children = (
				AD0633C22B32BB4A0025CADE /* CombineLessons.app */,
			);
			name = Products;
			sourceTree = "<group>";
		};
		AD0633C42B32BB4A0025CADE /* CombineLessons */ = {
			isa = PBXGroup;
			children = (
				AD91DB652B99DC2600FF5F75 /* Combine */,
				AD32A78A2B6AC30D00B19496 /* Algorithm */,
				ADAA53DB2B5FB87000A16E8B /* ArchitecturePatterns */,
				AD0633C52B32BB4A0025CADE /* CombineLessonsApp.swift */,
				AD0633C72B32BB4A0025CADE /* ContentView.swift */,
				AD0633C92B32BB4B0025CADE /* Assets.xcassets */,
				AD0633CB2B32BB4B0025CADE /* Preview Content */,
				AD508DC12BE7CCDC0055040E /* SearchTest.swift */,
			);
			path = CombineLessons;
			sourceTree = "<group>";
		};
		AD0633CB2B32BB4B0025CADE /* Preview Content */ = {
			isa = PBXGroup;
			children = (
				AD0633CC2B32BB4B0025CADE /* Preview Assets.xcassets */,
			);
			path = "Preview Content";
			sourceTree = "<group>";
		};
		AD32A78A2B6AC30D00B19496 /* Algorithm */ = {
			isa = PBXGroup;
			children = (
				AD32A78B2B6AC36200B19496 /* Two Sum.swift */,
			);
			path = Algorithm;
			sourceTree = "<group>";
		};
		AD91DB612B99DBCE00FF5F75 /* Facade */ = {
			isa = PBXGroup;
			children = (
				AD91DB622B99DBEC00FF5F75 /* Facade.swift */,
			);
			path = Facade;
			sourceTree = "<group>";
		};
		AD91DB642B99DBFB00FF5F75 /* Coordinator */ = {
			isa = PBXGroup;
			children = (
				ADAA53DE2B5FB9D000A16E8B /* Coordinator.swift */,
				ADAA53DC2B5FB8BD00A16E8B /* AppleView.swift */,
				ADAA53E02B5FBCEC00A16E8B /* BananView.swift */,
				ADAA53E22B5FBCFB00A16E8B /* CarrotView.swift */,
				ADAA53E42B5FBD5000A16E8B /* LemonView.swift */,
				ADAA53E62B5FBDE400A16E8B /* OliveView.swift */,
				ADAA53E82B5FBE2E00A16E8B /* CoordinatorView.swift */,
			);
			path = Coordinator;
			sourceTree = "<group>";
		};
		AD91DB652B99DC2600FF5F75 /* Combine */ = {
			isa = PBXGroup;
			children = (
				AD8245B92B32BCA1002C42E9 /* LessonOne.swift */,
				AD05D6A92B342336005467A1 /* LessonTwo.swift */,
				ADFC71DD2B3958F2001ED584 /* LessonThree.swift */,
				ADFB04952B3C19CE00189D3A /* LessonFour.swift */,
				AD0BEF452B3D593A0035AFBC /* LessonFive.swift */,
				AD8A04C52B4BCDF200BF1964 /* LessonSix.swift */,
				AD3090E82B4D274D0053641F /* LessonSeven.swift */,
				AD9A1B0F2B4E719100A1BDD3 /* LessonEight.swift */,
				ADB20AD02BCD9EF700C6E77E /* Published.swift */,
				ADA2B5732BCEF38900011F37 /* Cancellable Pipeline.swift */,
				AD181F652BD6BF6C00400BB7 /* Cancelling Multipline Pipelines.swift */,
				ADBE3F282BE7196300F8E385 /* @Published.swift */,
				ADBE3F2A2BE721B500F8E385 /* CurrentValueSubject.swift */,
				AD1694992BE94478001DB2B5 /* Empty.swift */,
				AD02F30C2BF2330400182BB0 /* Fail.swift */,
				AD0F6B952BF46FC300877899 /* Future.swift */,
				AD08C9CB2BFB7BD900842AEC /* Just.swift */,
			);
			path = Combine;
			sourceTree = "<group>";
		};
		ADAA53DB2B5FB87000A16E8B /* ArchitecturePatterns */ = {
			isa = PBXGroup;
			children = (
				ADCA038E2BD0468D00DA6FC3 /* AbstractFactory */,
				ADD6565C2BA1F945001D0689 /* Factory */,
				AD91DB642B99DBFB00FF5F75 /* Coordinator */,
				AD91DB612B99DBCE00FF5F75 /* Facade */,
			);
			path = ArchitecturePatterns;
			sourceTree = "<group>";
		};
		ADCA038E2BD0468D00DA6FC3 /* AbstractFactory */ = {
			isa = PBXGroup;
			children = (
			);
			path = AbstractFactory;
			sourceTree = "<group>";
		};
		ADD6565C2BA1F945001D0689 /* Factory */ = {
			isa = PBXGroup;
			children = (
				ADD6565D2BA1F966001D0689 /* Factory.swift */,
			);
			path = Factory;
			sourceTree = "<group>";
		};
/* End PBXGroup section */

/* Begin PBXNativeTarget section */
		AD0633C12B32BB4A0025CADE /* CombineLessons */ = {
			isa = PBXNativeTarget;
			buildConfigurationList = AD0633D02B32BB4B0025CADE /* Build configuration list for PBXNativeTarget "CombineLessons" */;
			buildPhases = (
				AD0633BE2B32BB4A0025CADE /* Sources */,
				AD0633BF2B32BB4A0025CADE /* Frameworks */,
				AD0633C02B32BB4A0025CADE /* Resources */,
			);
			buildRules = (
			);
			dependencies = (
			);
			name = CombineLessons;
			productName = CombineLessons;
			productReference = AD0633C22B32BB4A0025CADE /* CombineLessons.app */;
			productType = "com.apple.product-type.application";
		};
/* End PBXNativeTarget section */

/* Begin PBXProject section */
		AD0633BA2B32BB4A0025CADE /* Project object */ = {
			isa = PBXProject;
			attributes = {
				BuildIndependentTargetsInParallel = 1;
				LastSwiftUpdateCheck = 1500;
				LastUpgradeCheck = 1500;
				TargetAttributes = {
					AD0633C12B32BB4A0025CADE = {
						CreatedOnToolsVersion = 15.0;
					};
				};
			};
			buildConfigurationList = AD0633BD2B32BB4A0025CADE /* Build configuration list for PBXProject "CombineLessons" */;
			compatibilityVersion = "Xcode 14.0";
			developmentRegion = en;
			hasScannedForEncodings = 0;
			knownRegions = (
				en,
				Base,
			);
			mainGroup = AD0633B92B32BB4A0025CADE;
			productRefGroup = AD0633C32B32BB4A0025CADE /* Products */;
			projectDirPath = "";
			projectRoot = "";
			targets = (
				AD0633C12B32BB4A0025CADE /* CombineLessons */,
			);
		};
/* End PBXProject section */

/* Begin PBXResourcesBuildPhase section */
		AD0633C02B32BB4A0025CADE /* Resources */ = {
			isa = PBXResourcesBuildPhase;
			buildActionMask = 2147483647;
			files = (
				AD0633CD2B32BB4B0025CADE /* Preview Assets.xcassets in Resources */,
				AD0633CA2B32BB4B0025CADE /* Assets.xcassets in Resources */,
			);
			runOnlyForDeploymentPostprocessing = 0;
		};
/* End PBXResourcesBuildPhase section */

/* Begin PBXSourcesBuildPhase section */
		AD0633BE2B32BB4A0025CADE /* Sources */ = {
			isa = PBXSourcesBuildPhase;
			buildActionMask = 2147483647;
			files = (
				AD05D6AA2B342336005467A1 /* LessonTwo.swift in Sources */,
				AD02F30D2BF2330400182BB0 /* Fail.swift in Sources */,
				AD0633C82B32BB4A0025CADE /* ContentView.swift in Sources */,
				AD08C9CC2BFB7BD900842AEC /* Just.swift in Sources */,
				AD8A04C62B4BCDF200BF1964 /* LessonSix.swift in Sources */,
				ADAA53E32B5FBCFB00A16E8B /* CarrotView.swift in Sources */,
				ADD6565E2BA1F966001D0689 /* Factory.swift in Sources */,
				AD16949A2BE94478001DB2B5 /* Empty.swift in Sources */,
				ADAA53E92B5FBE2E00A16E8B /* CoordinatorView.swift in Sources */,
				AD181F662BD6BF6C00400BB7 /* Cancelling Multipline Pipelines.swift in Sources */,
				AD508DC22BE7CCDC0055040E /* SearchTest.swift in Sources */,
				ADAA53E72B5FBDE400A16E8B /* OliveView.swift in Sources */,
				ADAA53E52B5FBD5000A16E8B /* LemonView.swift in Sources */,
				AD9A1B102B4E719100A1BDD3 /* LessonEight.swift in Sources */,
				ADAA53E12B5FBCEC00A16E8B /* BananView.swift in Sources */,
				AD32A78C2B6AC36200B19496 /* Two Sum.swift in Sources */,
				ADAA53DD2B5FB8BD00A16E8B /* AppleView.swift in Sources */,
				AD0633C62B32BB4A0025CADE /* CombineLessonsApp.swift in Sources */,
				ADA2B5742BCEF38900011F37 /* Cancellable Pipeline.swift in Sources */,
				ADB20AD12BCD9EF700C6E77E /* Published.swift in Sources */,
				AD8245BA2B32BCA1002C42E9 /* LessonOne.swift in Sources */,
				ADBE3F2B2BE721B500F8E385 /* CurrentValueSubject.swift in Sources */,
				ADFC71DE2B3958F2001ED584 /* LessonThree.swift in Sources */,
				ADAA53DF2B5FB9D000A16E8B /* Coordinator.swift in Sources */,
				ADBE3F292BE7196300F8E385 /* @Published.swift in Sources */,
				AD91DB632B99DBEC00FF5F75 /* Facade.swift in Sources */,
				ADFB04962B3C19CE00189D3A /* LessonFour.swift in Sources */,
				AD3090E92B4D274D0053641F /* LessonSeven.swift in Sources */,
				AD0F6B962BF46FC300877899 /* Future.swift in Sources */,
				AD0BEF462B3D593A0035AFBC /* LessonFive.swift in Sources */,
			);
			runOnlyForDeploymentPostprocessing = 0;
		};
/* End PBXSourcesBuildPhase section */

/* Begin XCBuildConfiguration section */
		AD0633CE2B32BB4B0025CADE /* Debug */ = {
			isa = XCBuildConfiguration;
			buildSettings = {
				ALWAYS_SEARCH_USER_PATHS = NO;
				ASSETCATALOG_COMPILER_GENERATE_SWIFT_ASSET_SYMBOL_EXTENSIONS = YES;
				CLANG_ANALYZER_NONNULL = YES;
				CLANG_ANALYZER_NUMBER_OBJECT_CONVERSION = YES_AGGRESSIVE;
				CLANG_CXX_LANGUAGE_STANDARD = "gnu++20";
				CLANG_ENABLE_MODULES = YES;
				CLANG_ENABLE_OBJC_ARC = YES;
				CLANG_ENABLE_OBJC_WEAK = YES;
				CLANG_WARN_BLOCK_CAPTURE_AUTORELEASING = YES;
				CLANG_WARN_BOOL_CONVERSION = YES;
				CLANG_WARN_COMMA = YES;
				CLANG_WARN_CONSTANT_CONVERSION = YES;
				CLANG_WARN_DEPRECATED_OBJC_IMPLEMENTATIONS = YES;
				CLANG_WARN_DIRECT_OBJC_ISA_USAGE = YES_ERROR;
				CLANG_WARN_DOCUMENTATION_COMMENTS = YES;
				CLANG_WARN_EMPTY_BODY = YES;
				CLANG_WARN_ENUM_CONVERSION = YES;
				CLANG_WARN_INFINITE_RECURSION = YES;
				CLANG_WARN_INT_CONVERSION = YES;
				CLANG_WARN_NON_LITERAL_NULL_CONVERSION = YES;
				CLANG_WARN_OBJC_IMPLICIT_RETAIN_SELF = YES;
				CLANG_WARN_OBJC_LITERAL_CONVERSION = YES;
				CLANG_WARN_OBJC_ROOT_CLASS = YES_ERROR;
				CLANG_WARN_QUOTED_INCLUDE_IN_FRAMEWORK_HEADER = YES;
				CLANG_WARN_RANGE_LOOP_ANALYSIS = YES;
				CLANG_WARN_STRICT_PROTOTYPES = YES;
				CLANG_WARN_SUSPICIOUS_MOVE = YES;
				CLANG_WARN_UNGUARDED_AVAILABILITY = YES_AGGRESSIVE;
				CLANG_WARN_UNREACHABLE_CODE = YES;
				CLANG_WARN__DUPLICATE_METHOD_MATCH = YES;
				COPY_PHASE_STRIP = NO;
				DEBUG_INFORMATION_FORMAT = dwarf;
				ENABLE_STRICT_OBJC_MSGSEND = YES;
				ENABLE_TESTABILITY = YES;
				ENABLE_USER_SCRIPT_SANDBOXING = YES;
				GCC_C_LANGUAGE_STANDARD = gnu17;
				GCC_DYNAMIC_NO_PIC = NO;
				GCC_NO_COMMON_BLOCKS = YES;
				GCC_OPTIMIZATION_LEVEL = 0;
				GCC_PREPROCESSOR_DEFINITIONS = (
					"DEBUG=1",
					"$(inherited)",
				);
				GCC_WARN_64_TO_32_BIT_CONVERSION = YES;
				GCC_WARN_ABOUT_RETURN_TYPE = YES_ERROR;
				GCC_WARN_UNDECLARED_SELECTOR = YES;
				GCC_WARN_UNINITIALIZED_AUTOS = YES_AGGRESSIVE;
				GCC_WARN_UNUSED_FUNCTION = YES;
				GCC_WARN_UNUSED_VARIABLE = YES;
				IPHONEOS_DEPLOYMENT_TARGET = 17.0;
				LOCALIZATION_PREFERS_STRING_CATALOGS = YES;
				MTL_ENABLE_DEBUG_INFO = INCLUDE_SOURCE;
				MTL_FAST_MATH = YES;
				ONLY_ACTIVE_ARCH = YES;
				SDKROOT = iphoneos;
				SWIFT_ACTIVE_COMPILATION_CONDITIONS = "DEBUG $(inherited)";
				SWIFT_OPTIMIZATION_LEVEL = "-Onone";
			};
			name = Debug;
		};
		AD0633CF2B32BB4B0025CADE /* Release */ = {
			isa = XCBuildConfiguration;
			buildSettings = {
				ALWAYS_SEARCH_USER_PATHS = NO;
				ASSETCATALOG_COMPILER_GENERATE_SWIFT_ASSET_SYMBOL_EXTENSIONS = YES;
				CLANG_ANALYZER_NONNULL = YES;
				CLANG_ANALYZER_NUMBER_OBJECT_CONVERSION = YES_AGGRESSIVE;
				CLANG_CXX_LANGUAGE_STANDARD = "gnu++20";
				CLANG_ENABLE_MODULES = YES;
				CLANG_ENABLE_OBJC_ARC = YES;
				CLANG_ENABLE_OBJC_WEAK = YES;
				CLANG_WARN_BLOCK_CAPTURE_AUTORELEASING = YES;
				CLANG_WARN_BOOL_CONVERSION = YES;
				CLANG_WARN_COMMA = YES;
				CLANG_WARN_CONSTANT_CONVERSION = YES;
				CLANG_WARN_DEPRECATED_OBJC_IMPLEMENTATIONS = YES;
				CLANG_WARN_DIRECT_OBJC_ISA_USAGE = YES_ERROR;
				CLANG_WARN_DOCUMENTATION_COMMENTS = YES;
				CLANG_WARN_EMPTY_BODY = YES;
				CLANG_WARN_ENUM_CONVERSION = YES;
				CLANG_WARN_INFINITE_RECURSION = YES;
				CLANG_WARN_INT_CONVERSION = YES;
				CLANG_WARN_NON_LITERAL_NULL_CONVERSION = YES;
				CLANG_WARN_OBJC_IMPLICIT_RETAIN_SELF = YES;
				CLANG_WARN_OBJC_LITERAL_CONVERSION = YES;
				CLANG_WARN_OBJC_ROOT_CLASS = YES_ERROR;
				CLANG_WARN_QUOTED_INCLUDE_IN_FRAMEWORK_HEADER = YES;
				CLANG_WARN_RANGE_LOOP_ANALYSIS = YES;
				CLANG_WARN_STRICT_PROTOTYPES = YES;
				CLANG_WARN_SUSPICIOUS_MOVE = YES;
				CLANG_WARN_UNGUARDED_AVAILABILITY = YES_AGGRESSIVE;
				CLANG_WARN_UNREACHABLE_CODE = YES;
				CLANG_WARN__DUPLICATE_METHOD_MATCH = YES;
				COPY_PHASE_STRIP = NO;
				DEBUG_INFORMATION_FORMAT = "dwarf-with-dsym";
				ENABLE_NS_ASSERTIONS = NO;
				ENABLE_STRICT_OBJC_MSGSEND = YES;
				ENABLE_USER_SCRIPT_SANDBOXING = YES;
				GCC_C_LANGUAGE_STANDARD = gnu17;
				GCC_NO_COMMON_BLOCKS = YES;
				GCC_WARN_64_TO_32_BIT_CONVERSION = YES;
				GCC_WARN_ABOUT_RETURN_TYPE = YES_ERROR;
				GCC_WARN_UNDECLARED_SELECTOR = YES;
				GCC_WARN_UNINITIALIZED_AUTOS = YES_AGGRESSIVE;
				GCC_WARN_UNUSED_FUNCTION = YES;
				GCC_WARN_UNUSED_VARIABLE = YES;
				IPHONEOS_DEPLOYMENT_TARGET = 17.0;
				LOCALIZATION_PREFERS_STRING_CATALOGS = YES;
				MTL_ENABLE_DEBUG_INFO = NO;
				MTL_FAST_MATH = YES;
				SDKROOT = iphoneos;
				SWIFT_COMPILATION_MODE = wholemodule;
				VALIDATE_PRODUCT = YES;
			};
			name = Release;
		};
		AD0633D12B32BB4B0025CADE /* Debug */ = {
			isa = XCBuildConfiguration;
			buildSettings = {
				ASSETCATALOG_COMPILER_APPICON_NAME = AppIcon;
				ASSETCATALOG_COMPILER_GLOBAL_ACCENT_COLOR_NAME = AccentColor;
				CODE_SIGN_STYLE = Automatic;
				CURRENT_PROJECT_VERSION = 1;
				DEVELOPMENT_ASSET_PATHS = "\"CombineLessons/Preview Content\"";
				ENABLE_PREVIEWS = YES;
				GENERATE_INFOPLIST_FILE = YES;
				INFOPLIST_KEY_UIApplicationSceneManifest_Generation = YES;
				INFOPLIST_KEY_UIApplicationSupportsIndirectInputEvents = YES;
				INFOPLIST_KEY_UILaunchScreen_Generation = YES;
				INFOPLIST_KEY_UISupportedInterfaceOrientations_iPad = "UIInterfaceOrientationPortrait UIInterfaceOrientationPortraitUpsideDown UIInterfaceOrientationLandscapeLeft UIInterfaceOrientationLandscapeRight";
				INFOPLIST_KEY_UISupportedInterfaceOrientations_iPhone = "UIInterfaceOrientationPortrait UIInterfaceOrientationLandscapeLeft UIInterfaceOrientationLandscapeRight";
				LD_RUNPATH_SEARCH_PATHS = (
					"$(inherited)",
					"@executable_path/Frameworks",
				);
				MARKETING_VERSION = 1.0;
				PRODUCT_BUNDLE_IDENTIFIER = RamazanGasratov.CombineLessons;
				PRODUCT_NAME = "$(TARGET_NAME)";
				SWIFT_EMIT_LOC_STRINGS = YES;
				SWIFT_VERSION = 5.0;
				TARGETED_DEVICE_FAMILY = "1,2";
			};
			name = Debug;
		};
		AD0633D22B32BB4B0025CADE /* Release */ = {
			isa = XCBuildConfiguration;
			buildSettings = {
				ASSETCATALOG_COMPILER_APPICON_NAME = AppIcon;
				ASSETCATALOG_COMPILER_GLOBAL_ACCENT_COLOR_NAME = AccentColor;
				CODE_SIGN_STYLE = Automatic;
				CURRENT_PROJECT_VERSION = 1;
				DEVELOPMENT_ASSET_PATHS = "\"CombineLessons/Preview Content\"";
				ENABLE_PREVIEWS = YES;
				GENERATE_INFOPLIST_FILE = YES;
				INFOPLIST_KEY_UIApplicationSceneManifest_Generation = YES;
				INFOPLIST_KEY_UIApplicationSupportsIndirectInputEvents = YES;
				INFOPLIST_KEY_UILaunchScreen_Generation = YES;
				INFOPLIST_KEY_UISupportedInterfaceOrientations_iPad = "UIInterfaceOrientationPortrait UIInterfaceOrientationPortraitUpsideDown UIInterfaceOrientationLandscapeLeft UIInterfaceOrientationLandscapeRight";
				INFOPLIST_KEY_UISupportedInterfaceOrientations_iPhone = "UIInterfaceOrientationPortrait UIInterfaceOrientationLandscapeLeft UIInterfaceOrientationLandscapeRight";
				LD_RUNPATH_SEARCH_PATHS = (
					"$(inherited)",
					"@executable_path/Frameworks",
				);
				MARKETING_VERSION = 1.0;
				PRODUCT_BUNDLE_IDENTIFIER = RamazanGasratov.CombineLessons;
				PRODUCT_NAME = "$(TARGET_NAME)";
				SWIFT_EMIT_LOC_STRINGS = YES;
				SWIFT_VERSION = 5.0;
				TARGETED_DEVICE_FAMILY = "1,2";
			};
			name = Release;
		};
/* End XCBuildConfiguration section */

/* Begin XCConfigurationList section */
		AD0633BD2B32BB4A0025CADE /* Build configuration list for PBXProject "CombineLessons" */ = {
			isa = XCConfigurationList;
			buildConfigurations = (
				AD0633CE2B32BB4B0025CADE /* Debug */,
				AD0633CF2B32BB4B0025CADE /* Release */,
			);
			defaultConfigurationIsVisible = 0;
			defaultConfigurationName = Release;
		};
		AD0633D02B32BB4B0025CADE /* Build configuration list for PBXNativeTarget "CombineLessons" */ = {
			isa = XCConfigurationList;
			buildConfigurations = (
				AD0633D12B32BB4B0025CADE /* Debug */,
				AD0633D22B32BB4B0025CADE /* Release */,
			);
			defaultConfigurationIsVisible = 0;
			defaultConfigurationName = Release;
		};
/* End XCConfigurationList section */
	};
	rootObject = AD0633BA2B32BB4A0025CADE /* Project object */;
}
